
Microsoft Visual Studio Solution File, Format Version 12.00
# Visual Studio Version 17
VisualStudioVersion = 17.10.35027.167
MinimumVisualStudioVersion = 10.0.40219.1
Project("{9A19103F-16F7-4668-BE54-9A1E7A4F7556}") = "Delegates.1", "Delegates1\Delegates.1.csproj", "{E9B2EE7A-A63C-4312-8413-A91E21C30190}"
EndProject
Project("{9A19103F-16F7-4668-BE54-9A1E7A4F7556}") = "Delegates.EventHandler", "DelegatesEventHandler\Delegates.EventHandler.csproj", "{E3E55DF8-3C00-48AD-AFA1-3F101FE20DDD}"
EndProject
Project("{9A19103F-16F7-4668-BE54-9A1E7A4F7556}") = "Delegates.EventHandler.ProvidingData", "Delegates.EventHandler.ProvidingData\Delegates.EventHandler.ProvidingData.csproj", "{98A75070-7339-4703-88CD-9A4D2D3A948B}"
EndProject
Project("{9A19103F-16F7-4668-BE54-9A1E7A4F7556}") = "Delegates.EventHandlers.AdaptedClasses", "Delegates.EventHandler.AdaptedClasses\Delegates.EventHandlers.AdaptedClasses.csproj", "{32ADA8E9-DEA8-4634-9719-FC73BCD3EC07}"
EndProject
Project("{9A19103F-16F7-4668-BE54-9A1E7A4F7556}") = "Delegates.SimpleEvents", "Delegates.SimpleEvents\Delegates.SimpleEvents.csproj", "{7E7AC88B-87F5-493B-A100-8B94F8C800DA}"
EndProject
Project("{9A19103F-16F7-4668-BE54-9A1E7A4F7556}") = "EventForChangingLastName", "EventForChangingLastName\EventForChangingLastName.csproj", "{4F250DA9-6C33-483B-A947-7BE0081C04FF}"
EndProject
Project("{9A19103F-16F7-4668-BE54-9A1E7A4F7556}") = "EventForSemafor", "EventForSemafor\EventForSemafor.csproj", "{FE1B6810-5635-4B21-9092-24AD57B29791}"
EndProject
Project("{2150E333-8FDC-42A3-9474-1A3956D46DE8}") = "1.Delegates", "1.Delegates", "{461475F7-E3E4-421A-AE86-7C0217D51CA0}"
EndProject
Project("{2150E333-8FDC-42A3-9474-1A3956D46DE8}") = "2. Nullable type", "2. Nullable type", "{36C3A178-C434-4C2C-B9AF-20A49E35B902}"
EndProject
Project("{9A19103F-16F7-4668-BE54-9A1E7A4F7556}") = "Nullable Types 1 - shortcuts", "NullableTypes1\Nullable Types 1 - shortcuts.csproj", "{5C68E093-5CF3-4880-91CB-64882BD04F0C}"
EndProject
Project("{9A19103F-16F7-4668-BE54-9A1E7A4F7556}") = "Nullable Types 2 - condition", "Nullable Types 2 - condition\Nullable Types 2 - condition.csproj", "{99652E8E-7810-439E-BB9E-3A16A6F45B5C}"
EndProject
Project("{9A19103F-16F7-4668-BE54-9A1E7A4F7556}") = "Nullable Types 3 - classProperty", "Nullable Types 3 - classProperty\Nullable Types 3 - classProperty.csproj", "{186856A1-A94E-4DC3-BFF7-10EF6D5E9F0E}"
EndProject
Project("{2150E333-8FDC-42A3-9474-1A3956D46DE8}") = "3. Lambda", "3. Lambda", "{3F2719B6-A60B-4E5D-8691-A5C2B675258E}"
EndProject
Project("{9A19103F-16F7-4668-BE54-9A1E7A4F7556}") = "Lamba1.Example", "Lamba1.Example\Lamba1.Example.csproj", "{BFF26DE5-3E5D-424B-8FF7-4B499AFFE182}"
EndProject
Project("{9A19103F-16F7-4668-BE54-9A1E7A4F7556}") = "Lambda2.ClassProperty", "Lambda2.ClassProperty\Lambda2.ClassProperty.csproj", "{DF8824DB-890D-49D3-9EDB-BE451079422F}"
EndProject
Project("{9A19103F-16F7-4668-BE54-9A1E7A4F7556}") = "Lambda3.Statements", "Lambda3.Statements\Lambda3.Statements.csproj", "{DCE2EAD1-6F00-42C2-B784-72F203E4F7A8}"
EndProject
Project("{9A19103F-16F7-4668-BE54-9A1E7A4F7556}") = "Lambda4.Arrays", "Lambda4.Arrays\Lambda4.Arrays.csproj", "{962CD0D6-4E86-45E0-9713-E14AE5CC4A8F}"
EndProject
Project("{9A19103F-16F7-4668-BE54-9A1E7A4F7556}") = "Lambda5.Exercise", "Lambda5.Exercise\Lambda5.Exercise.csproj", "{C5862FAA-9D64-4041-B590-26E70A3D702D}"
EndProject
Project("{9A19103F-16F7-4668-BE54-9A1E7A4F7556}") = "Lambda6.Func", "Lambda6.Func\Lambda6.Func.csproj", "{74E8F880-1724-4098-B68A-AC9229CD1FE5}"
EndProject
Project("{2150E333-8FDC-42A3-9474-1A3956D46DE8}") = "4. Exceptions", "4. Exceptions", "{E81864C9-CAA1-49F9-B7E0-F5637347F91A}"
EndProject
Project("{9A19103F-16F7-4668-BE54-9A1E7A4F7556}") = "Exceptions 1. Examples", "Exceptions 1. Examples\Exceptions 1. Examples.csproj", "{673391F4-11D1-4967-A366-6698C65CCD41}"
EndProject
Project("{9A19103F-16F7-4668-BE54-9A1E7A4F7556}") = "Exceptions 2. User Defined", "Exceptions 2. User Defined\Exceptions 2. User Defined.csproj", "{2C3C943B-0038-4A7A-8F17-E2C70956966B}"
EndProject
Project("{9A19103F-16F7-4668-BE54-9A1E7A4F7556}") = "Exceptions 3. Simple Exceptions", "Exceptions 3. Simple Exceptions\Exceptions 3. Simple Exceptions.csproj", "{31A7C6B5-E5FA-427A-8399-3F84DBF7578F}"
EndProject
Project("{9A19103F-16F7-4668-BE54-9A1E7A4F7556}") = "Exceptions 4. Filter", "Exceptions 4. Filter\Exceptions 4. Filter.csproj", "{92518447-4C93-49E5-AE1E-58BF78C19E40}"
EndProject
Project("{9A19103F-16F7-4668-BE54-9A1E7A4F7556}") = "Exceptions 5. Math.Operations", "Exceptions 5. Math.Operations\Exceptions 5. Math.Operations.csproj", "{B4E465E6-8D1C-4F54-86E2-8C5456DB45E3}"
EndProject
Project("{9A19103F-16F7-4668-BE54-9A1E7A4F7556}") = "Exceptions 6. Files", "Exceptions 6. Files\Exceptions 6. Files.csproj", "{8148B85D-FF94-4C14-9C54-7E8DD4BD0482}"
EndProject
Project("{9A19103F-16F7-4668-BE54-9A1E7A4F7556}") = "Exceptions 7. Exercise", "Exceptions 7. Exercise\Exceptions 7. Exercise.csproj", "{ECDF72A3-19D9-48D5-B178-4F9F8A9A0448}"
EndProject
Project("{2150E333-8FDC-42A3-9474-1A3956D46DE8}") = "5. Interface", "5. Interface", "{CF514888-0C9D-46B0-9ACD-14E4DD8B1A91}"
EndProject
Project("{9A19103F-16F7-4668-BE54-9A1E7A4F7556}") = "Interface 1. Example", "Interface 1. Example\Interface 1. Example.csproj", "{A25B9971-8358-48E2-A916-EF7C48322F01}"
EndProject
Project("{9A19103F-16F7-4668-BE54-9A1E7A4F7556}") = "Interface 2. Exercise", "Interface 2. Exercise\Interface 2. Exercise.csproj", "{6AD8D546-5666-4C87-AF0C-BFF54935CA29}"
EndProject
Project("{2150E333-8FDC-42A3-9474-1A3956D46DE8}") = "6. Extension Methods", "6. Extension Methods", "{729A5D40-596B-47CA-B623-994437C67261}"
EndProject
Project("{9A19103F-16F7-4668-BE54-9A1E7A4F7556}") = "Extensions 1. Example", "Extensions 1. Example\Extensions 1. Example.csproj", "{84FFB130-F47B-4378-8770-2557D37E4E8A}"
EndProject
Project("{9A19103F-16F7-4668-BE54-9A1E7A4F7556}") = "Extensions 2. Console", "Extensions 2. Console\Extensions 2. Console.csproj", "{9AD6E711-DFBB-429A-AF5A-A09E2FA1503A}"
EndProject
Project("{9A19103F-16F7-4668-BE54-9A1E7A4F7556}") = "Extensions 3. Exercise", "Extensions 3. Exercise\Extensions 3. Exercise.csproj", "{F6E10822-B56B-4433-9D2F-8CF2DC8D7F0E}"
EndProject
Project("{2150E333-8FDC-42A3-9474-1A3956D46DE8}") = "7. Linq", "7. Linq", "{14117EFF-1FC8-4CD5-B5FA-0185BFC7EB54}"
EndProject
Project("{9A19103F-16F7-4668-BE54-9A1E7A4F7556}") = "Linq 1. Intro", "Linq 1. Intro\Linq 1. Intro.csproj", "{935FF175-4116-41D2-A65D-A6FD4C6201E3}"
EndProject
Project("{9A19103F-16F7-4668-BE54-9A1E7A4F7556}") = "Linq 2. Exercise", "Linq 2. Exercise\Linq 2. Exercise.csproj", "{4095DCDA-88D2-4AF4-93C7-71D0D8A917B0}"
EndProject
Project("{9A19103F-16F7-4668-BE54-9A1E7A4F7556}") = "Linq 3. Syntax", "Linq 3. Syntax\Linq 3. Syntax.csproj", "{E238CDEB-3E54-4FA6-9963-D2E723D912E4}"
EndProject
Project("{9A19103F-16F7-4668-BE54-9A1E7A4F7556}") = "Linq 4. Examples", "Linq 4. Examples\Linq 4. Examples.csproj", "{DB414652-0E18-412C-BF4C-1038951CCA87}"
EndProject
Project("{9A19103F-16F7-4668-BE54-9A1E7A4F7556}") = "Linq 5. Example", "Linq 5. Example\Linq 5. Example.csproj", "{7FBA1D70-E67B-4763-B7B2-7E2CB8B25CEC}"
EndProject
Project("{9A19103F-16F7-4668-BE54-9A1E7A4F7556}") = "Linq 6. Exercise", "Linq 6. Exercise\Linq 6. Exercise.csproj", "{5F0BCC87-33AA-475F-971C-7E5909C32BA2}"
EndProject
Project("{9A19103F-16F7-4668-BE54-9A1E7A4F7556}") = "Linq 7. SQLExample", "Linq 7. SQLExample\Linq 7. SQLExample.csproj", "{4AD7EB86-5A08-4948-8C4E-B44E619ABCC3}"
EndProject
Project("{9A19103F-16F7-4668-BE54-9A1E7A4F7556}") = "Linq 8. Where", "Linq 8. Where\Linq 8. Where.csproj", "{CB805127-736F-4306-9885-C8A5986EAE54}"
EndProject
Project("{9A19103F-16F7-4668-BE54-9A1E7A4F7556}") = "Linq 9. Linq of type", "Linq 9. Linq of type\Linq 9. Linq of type.csproj", "{FA4D0A88-F810-4722-9EEF-10DE9E637387}"
EndProject
Project("{9A19103F-16F7-4668-BE54-9A1E7A4F7556}") = "Linq 10. OrderBy", "Linq 10. OrderBy\Linq 10. OrderBy.csproj", "{07015DEA-4C97-45B7-A53F-B90DD1861080}"
EndProject
Project("{FAE04EC0-301F-11D3-BF4B-00C04F79EFBC}") = "Linq 11. ThenBy", "Linq 11. ThenBy\Linq 11. ThenBy.csproj", "{21A52737-CAD1-495F-BE72-683BF7BA80B1}"
EndProject
Project("{FAE04EC0-301F-11D3-BF4B-00C04F79EFBC}") = "Linq 12. Group_Lookup", "Linq 12. Group_Lookup\Linq 12. Group_Lookup.csproj", "{BE2C0093-63A4-41E9-A907-4AA2C02DB145}"
EndProject
Project("{FAE04EC0-301F-11D3-BF4B-00C04F79EFBC}") = "Linq 13. Join", "Linq 13. Join\Linq 13. Join.csproj", "{F8E19B6F-54C3-445F-BE83-2D69B993ABAE}"
EndProject
Project("{FAE04EC0-301F-11D3-BF4B-00C04F79EFBC}") = "Linq 14. Exercise", "Linq 14. Exercise\Linq 14. Exercise.csproj", "{23B767BA-5C58-420C-A830-90CCF031B21C}"
EndProject
Project("{FAE04EC0-301F-11D3-BF4B-00C04F79EFBC}") = "Linq 15. Group Join", "Linq 15. Group Join\Linq 15. Group Join.csproj", "{00C0CCD1-3ABB-4249-BAFA-086341C13C61}"
EndProject
Project("{FAE04EC0-301F-11D3-BF4B-00C04F79EFBC}") = "Linq 16. Select", "Linq 16. Select\Linq 16. Select.csproj", "{749221CB-3991-4820-B844-C1A74D885CD3}"
EndProject
Project("{FAE04EC0-301F-11D3-BF4B-00C04F79EFBC}") = "Linq 17. Quantifiers", "Linq 17. Quantifiers\Linq 17. Quantifiers.csproj", "{323EB260-D5EB-491C-B836-1D7F4E8DFD6B}"
EndProject
Global
	GlobalSection(SolutionConfigurationPlatforms) = preSolution
		Debug|Any CPU = Debug|Any CPU
		Release|Any CPU = Release|Any CPU
	EndGlobalSection
	GlobalSection(ProjectConfigurationPlatforms) = postSolution
		{E9B2EE7A-A63C-4312-8413-A91E21C30190}.Debug|Any CPU.ActiveCfg = Debug|Any CPU
		{E9B2EE7A-A63C-4312-8413-A91E21C30190}.Debug|Any CPU.Build.0 = Debug|Any CPU
		{E9B2EE7A-A63C-4312-8413-A91E21C30190}.Release|Any CPU.ActiveCfg = Release|Any CPU
		{E9B2EE7A-A63C-4312-8413-A91E21C30190}.Release|Any CPU.Build.0 = Release|Any CPU
		{E3E55DF8-3C00-48AD-AFA1-3F101FE20DDD}.Debug|Any CPU.ActiveCfg = Debug|Any CPU
		{E3E55DF8-3C00-48AD-AFA1-3F101FE20DDD}.Debug|Any CPU.Build.0 = Debug|Any CPU
		{E3E55DF8-3C00-48AD-AFA1-3F101FE20DDD}.Release|Any CPU.ActiveCfg = Release|Any CPU
		{E3E55DF8-3C00-48AD-AFA1-3F101FE20DDD}.Release|Any CPU.Build.0 = Release|Any CPU
		{98A75070-7339-4703-88CD-9A4D2D3A948B}.Debug|Any CPU.ActiveCfg = Debug|Any CPU
		{98A75070-7339-4703-88CD-9A4D2D3A948B}.Debug|Any CPU.Build.0 = Debug|Any CPU
		{98A75070-7339-4703-88CD-9A4D2D3A948B}.Release|Any CPU.ActiveCfg = Release|Any CPU
		{98A75070-7339-4703-88CD-9A4D2D3A948B}.Release|Any CPU.Build.0 = Release|Any CPU
		{32ADA8E9-DEA8-4634-9719-FC73BCD3EC07}.Debug|Any CPU.ActiveCfg = Debug|Any CPU
		{32ADA8E9-DEA8-4634-9719-FC73BCD3EC07}.Debug|Any CPU.Build.0 = Debug|Any CPU
		{32ADA8E9-DEA8-4634-9719-FC73BCD3EC07}.Release|Any CPU.ActiveCfg = Release|Any CPU
		{32ADA8E9-DEA8-4634-9719-FC73BCD3EC07}.Release|Any CPU.Build.0 = Release|Any CPU
		{7E7AC88B-87F5-493B-A100-8B94F8C800DA}.Debug|Any CPU.ActiveCfg = Debug|Any CPU
		{7E7AC88B-87F5-493B-A100-8B94F8C800DA}.Debug|Any CPU.Build.0 = Debug|Any CPU
		{7E7AC88B-87F5-493B-A100-8B94F8C800DA}.Release|Any CPU.ActiveCfg = Release|Any CPU
		{7E7AC88B-87F5-493B-A100-8B94F8C800DA}.Release|Any CPU.Build.0 = Release|Any CPU
		{4F250DA9-6C33-483B-A947-7BE0081C04FF}.Debug|Any CPU.ActiveCfg = Debug|Any CPU
		{4F250DA9-6C33-483B-A947-7BE0081C04FF}.Debug|Any CPU.Build.0 = Debug|Any CPU
		{4F250DA9-6C33-483B-A947-7BE0081C04FF}.Release|Any CPU.ActiveCfg = Release|Any CPU
		{4F250DA9-6C33-483B-A947-7BE0081C04FF}.Release|Any CPU.Build.0 = Release|Any CPU
		{FE1B6810-5635-4B21-9092-24AD57B29791}.Debug|Any CPU.ActiveCfg = Debug|Any CPU
		{FE1B6810-5635-4B21-9092-24AD57B29791}.Debug|Any CPU.Build.0 = Debug|Any CPU
		{FE1B6810-5635-4B21-9092-24AD57B29791}.Release|Any CPU.ActiveCfg = Release|Any CPU
		{FE1B6810-5635-4B21-9092-24AD57B29791}.Release|Any CPU.Build.0 = Release|Any CPU
		{5C68E093-5CF3-4880-91CB-64882BD04F0C}.Debug|Any CPU.ActiveCfg = Debug|Any CPU
		{5C68E093-5CF3-4880-91CB-64882BD04F0C}.Debug|Any CPU.Build.0 = Debug|Any CPU
		{5C68E093-5CF3-4880-91CB-64882BD04F0C}.Release|Any CPU.ActiveCfg = Release|Any CPU
		{5C68E093-5CF3-4880-91CB-64882BD04F0C}.Release|Any CPU.Build.0 = Release|Any CPU
		{99652E8E-7810-439E-BB9E-3A16A6F45B5C}.Debug|Any CPU.ActiveCfg = Debug|Any CPU
		{99652E8E-7810-439E-BB9E-3A16A6F45B5C}.Debug|Any CPU.Build.0 = Debug|Any CPU
		{99652E8E-7810-439E-BB9E-3A16A6F45B5C}.Release|Any CPU.ActiveCfg = Release|Any CPU
		{99652E8E-7810-439E-BB9E-3A16A6F45B5C}.Release|Any CPU.Build.0 = Release|Any CPU
		{186856A1-A94E-4DC3-BFF7-10EF6D5E9F0E}.Debug|Any CPU.ActiveCfg = Debug|Any CPU
		{186856A1-A94E-4DC3-BFF7-10EF6D5E9F0E}.Debug|Any CPU.Build.0 = Debug|Any CPU
		{186856A1-A94E-4DC3-BFF7-10EF6D5E9F0E}.Release|Any CPU.ActiveCfg = Release|Any CPU
		{186856A1-A94E-4DC3-BFF7-10EF6D5E9F0E}.Release|Any CPU.Build.0 = Release|Any CPU
		{BFF26DE5-3E5D-424B-8FF7-4B499AFFE182}.Debug|Any CPU.ActiveCfg = Debug|Any CPU
		{BFF26DE5-3E5D-424B-8FF7-4B499AFFE182}.Debug|Any CPU.Build.0 = Debug|Any CPU
		{BFF26DE5-3E5D-424B-8FF7-4B499AFFE182}.Release|Any CPU.ActiveCfg = Release|Any CPU
		{BFF26DE5-3E5D-424B-8FF7-4B499AFFE182}.Release|Any CPU.Build.0 = Release|Any CPU
		{DF8824DB-890D-49D3-9EDB-BE451079422F}.Debug|Any CPU.ActiveCfg = Debug|Any CPU
		{DF8824DB-890D-49D3-9EDB-BE451079422F}.Debug|Any CPU.Build.0 = Debug|Any CPU
		{DF8824DB-890D-49D3-9EDB-BE451079422F}.Release|Any CPU.ActiveCfg = Release|Any CPU
		{DF8824DB-890D-49D3-9EDB-BE451079422F}.Release|Any CPU.Build.0 = Release|Any CPU
		{DCE2EAD1-6F00-42C2-B784-72F203E4F7A8}.Debug|Any CPU.ActiveCfg = Debug|Any CPU
		{DCE2EAD1-6F00-42C2-B784-72F203E4F7A8}.Debug|Any CPU.Build.0 = Debug|Any CPU
		{DCE2EAD1-6F00-42C2-B784-72F203E4F7A8}.Release|Any CPU.ActiveCfg = Release|Any CPU
		{DCE2EAD1-6F00-42C2-B784-72F203E4F7A8}.Release|Any CPU.Build.0 = Release|Any CPU
		{962CD0D6-4E86-45E0-9713-E14AE5CC4A8F}.Debug|Any CPU.ActiveCfg = Debug|Any CPU
		{962CD0D6-4E86-45E0-9713-E14AE5CC4A8F}.Debug|Any CPU.Build.0 = Debug|Any CPU
		{962CD0D6-4E86-45E0-9713-E14AE5CC4A8F}.Release|Any CPU.ActiveCfg = Release|Any CPU
		{962CD0D6-4E86-45E0-9713-E14AE5CC4A8F}.Release|Any CPU.Build.0 = Release|Any CPU
		{C5862FAA-9D64-4041-B590-26E70A3D702D}.Debug|Any CPU.ActiveCfg = Debug|Any CPU
		{C5862FAA-9D64-4041-B590-26E70A3D702D}.Debug|Any CPU.Build.0 = Debug|Any CPU
		{C5862FAA-9D64-4041-B590-26E70A3D702D}.Release|Any CPU.ActiveCfg = Release|Any CPU
		{C5862FAA-9D64-4041-B590-26E70A3D702D}.Release|Any CPU.Build.0 = Release|Any CPU
		{74E8F880-1724-4098-B68A-AC9229CD1FE5}.Debug|Any CPU.ActiveCfg = Debug|Any CPU
		{74E8F880-1724-4098-B68A-AC9229CD1FE5}.Debug|Any CPU.Build.0 = Debug|Any CPU
		{74E8F880-1724-4098-B68A-AC9229CD1FE5}.Release|Any CPU.ActiveCfg = Release|Any CPU
		{74E8F880-1724-4098-B68A-AC9229CD1FE5}.Release|Any CPU.Build.0 = Release|Any CPU
		{673391F4-11D1-4967-A366-6698C65CCD41}.Debug|Any CPU.ActiveCfg = Debug|Any CPU
		{673391F4-11D1-4967-A366-6698C65CCD41}.Debug|Any CPU.Build.0 = Debug|Any CPU
		{673391F4-11D1-4967-A366-6698C65CCD41}.Release|Any CPU.ActiveCfg = Release|Any CPU
		{673391F4-11D1-4967-A366-6698C65CCD41}.Release|Any CPU.Build.0 = Release|Any CPU
		{2C3C943B-0038-4A7A-8F17-E2C70956966B}.Debug|Any CPU.ActiveCfg = Debug|Any CPU
		{2C3C943B-0038-4A7A-8F17-E2C70956966B}.Debug|Any CPU.Build.0 = Debug|Any CPU
		{2C3C943B-0038-4A7A-8F17-E2C70956966B}.Release|Any CPU.ActiveCfg = Release|Any CPU
		{2C3C943B-0038-4A7A-8F17-E2C70956966B}.Release|Any CPU.Build.0 = Release|Any CPU
		{31A7C6B5-E5FA-427A-8399-3F84DBF7578F}.Debug|Any CPU.ActiveCfg = Debug|Any CPU
		{31A7C6B5-E5FA-427A-8399-3F84DBF7578F}.Debug|Any CPU.Build.0 = Debug|Any CPU
		{31A7C6B5-E5FA-427A-8399-3F84DBF7578F}.Release|Any CPU.ActiveCfg = Release|Any CPU
		{31A7C6B5-E5FA-427A-8399-3F84DBF7578F}.Release|Any CPU.Build.0 = Release|Any CPU
		{92518447-4C93-49E5-AE1E-58BF78C19E40}.Debug|Any CPU.ActiveCfg = Debug|Any CPU
		{92518447-4C93-49E5-AE1E-58BF78C19E40}.Debug|Any CPU.Build.0 = Debug|Any CPU
		{92518447-4C93-49E5-AE1E-58BF78C19E40}.Release|Any CPU.ActiveCfg = Release|Any CPU
		{92518447-4C93-49E5-AE1E-58BF78C19E40}.Release|Any CPU.Build.0 = Release|Any CPU
		{B4E465E6-8D1C-4F54-86E2-8C5456DB45E3}.Debug|Any CPU.ActiveCfg = Debug|Any CPU
		{B4E465E6-8D1C-4F54-86E2-8C5456DB45E3}.Debug|Any CPU.Build.0 = Debug|Any CPU
		{B4E465E6-8D1C-4F54-86E2-8C5456DB45E3}.Release|Any CPU.ActiveCfg = Release|Any CPU
		{B4E465E6-8D1C-4F54-86E2-8C5456DB45E3}.Release|Any CPU.Build.0 = Release|Any CPU
		{8148B85D-FF94-4C14-9C54-7E8DD4BD0482}.Debug|Any CPU.ActiveCfg = Debug|Any CPU
		{8148B85D-FF94-4C14-9C54-7E8DD4BD0482}.Debug|Any CPU.Build.0 = Debug|Any CPU
		{8148B85D-FF94-4C14-9C54-7E8DD4BD0482}.Release|Any CPU.ActiveCfg = Release|Any CPU
		{8148B85D-FF94-4C14-9C54-7E8DD4BD0482}.Release|Any CPU.Build.0 = Release|Any CPU
		{ECDF72A3-19D9-48D5-B178-4F9F8A9A0448}.Debug|Any CPU.ActiveCfg = Debug|Any CPU
		{ECDF72A3-19D9-48D5-B178-4F9F8A9A0448}.Debug|Any CPU.Build.0 = Debug|Any CPU
		{ECDF72A3-19D9-48D5-B178-4F9F8A9A0448}.Release|Any CPU.ActiveCfg = Release|Any CPU
		{ECDF72A3-19D9-48D5-B178-4F9F8A9A0448}.Release|Any CPU.Build.0 = Release|Any CPU
		{A25B9971-8358-48E2-A916-EF7C48322F01}.Debug|Any CPU.ActiveCfg = Debug|Any CPU
		{A25B9971-8358-48E2-A916-EF7C48322F01}.Debug|Any CPU.Build.0 = Debug|Any CPU
		{A25B9971-8358-48E2-A916-EF7C48322F01}.Release|Any CPU.ActiveCfg = Release|Any CPU
		{A25B9971-8358-48E2-A916-EF7C48322F01}.Release|Any CPU.Build.0 = Release|Any CPU
		{6AD8D546-5666-4C87-AF0C-BFF54935CA29}.Debug|Any CPU.ActiveCfg = Debug|Any CPU
		{6AD8D546-5666-4C87-AF0C-BFF54935CA29}.Debug|Any CPU.Build.0 = Debug|Any CPU
		{6AD8D546-5666-4C87-AF0C-BFF54935CA29}.Release|Any CPU.ActiveCfg = Release|Any CPU
		{6AD8D546-5666-4C87-AF0C-BFF54935CA29}.Release|Any CPU.Build.0 = Release|Any CPU
		{84FFB130-F47B-4378-8770-2557D37E4E8A}.Debug|Any CPU.ActiveCfg = Debug|Any CPU
		{84FFB130-F47B-4378-8770-2557D37E4E8A}.Debug|Any CPU.Build.0 = Debug|Any CPU
		{84FFB130-F47B-4378-8770-2557D37E4E8A}.Release|Any CPU.ActiveCfg = Release|Any CPU
		{84FFB130-F47B-4378-8770-2557D37E4E8A}.Release|Any CPU.Build.0 = Release|Any CPU
		{9AD6E711-DFBB-429A-AF5A-A09E2FA1503A}.Debug|Any CPU.ActiveCfg = Debug|Any CPU
		{9AD6E711-DFBB-429A-AF5A-A09E2FA1503A}.Debug|Any CPU.Build.0 = Debug|Any CPU
		{9AD6E711-DFBB-429A-AF5A-A09E2FA1503A}.Release|Any CPU.ActiveCfg = Release|Any CPU
		{9AD6E711-DFBB-429A-AF5A-A09E2FA1503A}.Release|Any CPU.Build.0 = Release|Any CPU
		{F6E10822-B56B-4433-9D2F-8CF2DC8D7F0E}.Debug|Any CPU.ActiveCfg = Debug|Any CPU
		{F6E10822-B56B-4433-9D2F-8CF2DC8D7F0E}.Debug|Any CPU.Build.0 = Debug|Any CPU
		{F6E10822-B56B-4433-9D2F-8CF2DC8D7F0E}.Release|Any CPU.ActiveCfg = Release|Any CPU
		{F6E10822-B56B-4433-9D2F-8CF2DC8D7F0E}.Release|Any CPU.Build.0 = Release|Any CPU
		{935FF175-4116-41D2-A65D-A6FD4C6201E3}.Debug|Any CPU.ActiveCfg = Debug|Any CPU
		{935FF175-4116-41D2-A65D-A6FD4C6201E3}.Debug|Any CPU.Build.0 = Debug|Any CPU
		{935FF175-4116-41D2-A65D-A6FD4C6201E3}.Release|Any CPU.ActiveCfg = Release|Any CPU
		{935FF175-4116-41D2-A65D-A6FD4C6201E3}.Release|Any CPU.Build.0 = Release|Any CPU
		{4095DCDA-88D2-4AF4-93C7-71D0D8A917B0}.Debug|Any CPU.ActiveCfg = Debug|Any CPU
		{4095DCDA-88D2-4AF4-93C7-71D0D8A917B0}.Debug|Any CPU.Build.0 = Debug|Any CPU
		{4095DCDA-88D2-4AF4-93C7-71D0D8A917B0}.Release|Any CPU.ActiveCfg = Release|Any CPU
		{4095DCDA-88D2-4AF4-93C7-71D0D8A917B0}.Release|Any CPU.Build.0 = Release|Any CPU
		{E238CDEB-3E54-4FA6-9963-D2E723D912E4}.Debug|Any CPU.ActiveCfg = Debug|Any CPU
		{E238CDEB-3E54-4FA6-9963-D2E723D912E4}.Debug|Any CPU.Build.0 = Debug|Any CPU
		{E238CDEB-3E54-4FA6-9963-D2E723D912E4}.Release|Any CPU.ActiveCfg = Release|Any CPU
		{E238CDEB-3E54-4FA6-9963-D2E723D912E4}.Release|Any CPU.Build.0 = Release|Any CPU
		{DB414652-0E18-412C-BF4C-1038951CCA87}.Debug|Any CPU.ActiveCfg = Debug|Any CPU
		{DB414652-0E18-412C-BF4C-1038951CCA87}.Debug|Any CPU.Build.0 = Debug|Any CPU
		{DB414652-0E18-412C-BF4C-1038951CCA87}.Release|Any CPU.ActiveCfg = Release|Any CPU
		{DB414652-0E18-412C-BF4C-1038951CCA87}.Release|Any CPU.Build.0 = Release|Any CPU
		{7FBA1D70-E67B-4763-B7B2-7E2CB8B25CEC}.Debug|Any CPU.ActiveCfg = Debug|Any CPU
		{7FBA1D70-E67B-4763-B7B2-7E2CB8B25CEC}.Debug|Any CPU.Build.0 = Debug|Any CPU
		{7FBA1D70-E67B-4763-B7B2-7E2CB8B25CEC}.Release|Any CPU.ActiveCfg = Release|Any CPU
		{7FBA1D70-E67B-4763-B7B2-7E2CB8B25CEC}.Release|Any CPU.Build.0 = Release|Any CPU
		{5F0BCC87-33AA-475F-971C-7E5909C32BA2}.Debug|Any CPU.ActiveCfg = Debug|Any CPU
		{5F0BCC87-33AA-475F-971C-7E5909C32BA2}.Debug|Any CPU.Build.0 = Debug|Any CPU
		{5F0BCC87-33AA-475F-971C-7E5909C32BA2}.Release|Any CPU.ActiveCfg = Release|Any CPU
		{5F0BCC87-33AA-475F-971C-7E5909C32BA2}.Release|Any CPU.Build.0 = Release|Any CPU
		{4AD7EB86-5A08-4948-8C4E-B44E619ABCC3}.Debug|Any CPU.ActiveCfg = Debug|Any CPU
		{4AD7EB86-5A08-4948-8C4E-B44E619ABCC3}.Debug|Any CPU.Build.0 = Debug|Any CPU
		{4AD7EB86-5A08-4948-8C4E-B44E619ABCC3}.Release|Any CPU.ActiveCfg = Release|Any CPU
		{4AD7EB86-5A08-4948-8C4E-B44E619ABCC3}.Release|Any CPU.Build.0 = Release|Any CPU
		{CB805127-736F-4306-9885-C8A5986EAE54}.Debug|Any CPU.ActiveCfg = Debug|Any CPU
		{CB805127-736F-4306-9885-C8A5986EAE54}.Debug|Any CPU.Build.0 = Debug|Any CPU
		{CB805127-736F-4306-9885-C8A5986EAE54}.Release|Any CPU.ActiveCfg = Release|Any CPU
		{CB805127-736F-4306-9885-C8A5986EAE54}.Release|Any CPU.Build.0 = Release|Any CPU
		{FA4D0A88-F810-4722-9EEF-10DE9E637387}.Debug|Any CPU.ActiveCfg = Debug|Any CPU
		{FA4D0A88-F810-4722-9EEF-10DE9E637387}.Debug|Any CPU.Build.0 = Debug|Any CPU
		{FA4D0A88-F810-4722-9EEF-10DE9E637387}.Release|Any CPU.ActiveCfg = Release|Any CPU
		{FA4D0A88-F810-4722-9EEF-10DE9E637387}.Release|Any CPU.Build.0 = Release|Any CPU
		{07015DEA-4C97-45B7-A53F-B90DD1861080}.Debug|Any CPU.ActiveCfg = Debug|Any CPU
		{07015DEA-4C97-45B7-A53F-B90DD1861080}.Debug|Any CPU.Build.0 = Debug|Any CPU
		{07015DEA-4C97-45B7-A53F-B90DD1861080}.Release|Any CPU.ActiveCfg = Release|Any CPU
		{07015DEA-4C97-45B7-A53F-B90DD1861080}.Release|Any CPU.Build.0 = Release|Any CPU
		{21A52737-CAD1-495F-BE72-683BF7BA80B1}.Debug|Any CPU.ActiveCfg = Debug|Any CPU
		{21A52737-CAD1-495F-BE72-683BF7BA80B1}.Debug|Any CPU.Build.0 = Debug|Any CPU
		{21A52737-CAD1-495F-BE72-683BF7BA80B1}.Release|Any CPU.ActiveCfg = Release|Any CPU
		{21A52737-CAD1-495F-BE72-683BF7BA80B1}.Release|Any CPU.Build.0 = Release|Any CPU
		{BE2C0093-63A4-41E9-A907-4AA2C02DB145}.Debug|Any CPU.ActiveCfg = Debug|Any CPU
		{BE2C0093-63A4-41E9-A907-4AA2C02DB145}.Debug|Any CPU.Build.0 = Debug|Any CPU
		{BE2C0093-63A4-41E9-A907-4AA2C02DB145}.Release|Any CPU.ActiveCfg = Release|Any CPU
		{BE2C0093-63A4-41E9-A907-4AA2C02DB145}.Release|Any CPU.Build.0 = Release|Any CPU
		{F8E19B6F-54C3-445F-BE83-2D69B993ABAE}.Debug|Any CPU.ActiveCfg = Debug|Any CPU
		{F8E19B6F-54C3-445F-BE83-2D69B993ABAE}.Debug|Any CPU.Build.0 = Debug|Any CPU
		{F8E19B6F-54C3-445F-BE83-2D69B993ABAE}.Release|Any CPU.ActiveCfg = Release|Any CPU
		{F8E19B6F-54C3-445F-BE83-2D69B993ABAE}.Release|Any CPU.Build.0 = Release|Any CPU
		{23B767BA-5C58-420C-A830-90CCF031B21C}.Debug|Any CPU.ActiveCfg = Debug|Any CPU
		{23B767BA-5C58-420C-A830-90CCF031B21C}.Debug|Any CPU.Build.0 = Debug|Any CPU
		{23B767BA-5C58-420C-A830-90CCF031B21C}.Release|Any CPU.ActiveCfg = Release|Any CPU
		{23B767BA-5C58-420C-A830-90CCF031B21C}.Release|Any CPU.Build.0 = Release|Any CPU
		{00C0CCD1-3ABB-4249-BAFA-086341C13C61}.Debug|Any CPU.ActiveCfg = Debug|Any CPU
		{00C0CCD1-3ABB-4249-BAFA-086341C13C61}.Debug|Any CPU.Build.0 = Debug|Any CPU
		{00C0CCD1-3ABB-4249-BAFA-086341C13C61}.Release|Any CPU.ActiveCfg = Release|Any CPU
		{00C0CCD1-3ABB-4249-BAFA-086341C13C61}.Release|Any CPU.Build.0 = Release|Any CPU
		{749221CB-3991-4820-B844-C1A74D885CD3}.Debug|Any CPU.ActiveCfg = Debug|Any CPU
		{749221CB-3991-4820-B844-C1A74D885CD3}.Debug|Any CPU.Build.0 = Debug|Any CPU
		{749221CB-3991-4820-B844-C1A74D885CD3}.Release|Any CPU.ActiveCfg = Release|Any CPU
		{749221CB-3991-4820-B844-C1A74D885CD3}.Release|Any CPU.Build.0 = Release|Any CPU
		{323EB260-D5EB-491C-B836-1D7F4E8DFD6B}.Debug|Any CPU.ActiveCfg = Debug|Any CPU
		{323EB260-D5EB-491C-B836-1D7F4E8DFD6B}.Debug|Any CPU.Build.0 = Debug|Any CPU
		{323EB260-D5EB-491C-B836-1D7F4E8DFD6B}.Release|Any CPU.ActiveCfg = Release|Any CPU
		{323EB260-D5EB-491C-B836-1D7F4E8DFD6B}.Release|Any CPU.Build.0 = Release|Any CPU
	EndGlobalSection
	GlobalSection(SolutionProperties) = preSolution
		HideSolutionNode = FALSE
	EndGlobalSection
	GlobalSection(NestedProjects) = preSolution
		{E9B2EE7A-A63C-4312-8413-A91E21C30190} = {461475F7-E3E4-421A-AE86-7C0217D51CA0}
		{E3E55DF8-3C00-48AD-AFA1-3F101FE20DDD} = {461475F7-E3E4-421A-AE86-7C0217D51CA0}
		{98A75070-7339-4703-88CD-9A4D2D3A948B} = {461475F7-E3E4-421A-AE86-7C0217D51CA0}
		{32ADA8E9-DEA8-4634-9719-FC73BCD3EC07} = {461475F7-E3E4-421A-AE86-7C0217D51CA0}
		{7E7AC88B-87F5-493B-A100-8B94F8C800DA} = {461475F7-E3E4-421A-AE86-7C0217D51CA0}
		{4F250DA9-6C33-483B-A947-7BE0081C04FF} = {461475F7-E3E4-421A-AE86-7C0217D51CA0}
		{FE1B6810-5635-4B21-9092-24AD57B29791} = {461475F7-E3E4-421A-AE86-7C0217D51CA0}
		{5C68E093-5CF3-4880-91CB-64882BD04F0C} = {36C3A178-C434-4C2C-B9AF-20A49E35B902}
		{99652E8E-7810-439E-BB9E-3A16A6F45B5C} = {36C3A178-C434-4C2C-B9AF-20A49E35B902}
		{186856A1-A94E-4DC3-BFF7-10EF6D5E9F0E} = {36C3A178-C434-4C2C-B9AF-20A49E35B902}
		{BFF26DE5-3E5D-424B-8FF7-4B499AFFE182} = {3F2719B6-A60B-4E5D-8691-A5C2B675258E}
		{DF8824DB-890D-49D3-9EDB-BE451079422F} = {3F2719B6-A60B-4E5D-8691-A5C2B675258E}
		{DCE2EAD1-6F00-42C2-B784-72F203E4F7A8} = {3F2719B6-A60B-4E5D-8691-A5C2B675258E}
		{962CD0D6-4E86-45E0-9713-E14AE5CC4A8F} = {3F2719B6-A60B-4E5D-8691-A5C2B675258E}
		{C5862FAA-9D64-4041-B590-26E70A3D702D} = {3F2719B6-A60B-4E5D-8691-A5C2B675258E}
		{74E8F880-1724-4098-B68A-AC9229CD1FE5} = {3F2719B6-A60B-4E5D-8691-A5C2B675258E}
		{673391F4-11D1-4967-A366-6698C65CCD41} = {E81864C9-CAA1-49F9-B7E0-F5637347F91A}
		{2C3C943B-0038-4A7A-8F17-E2C70956966B} = {E81864C9-CAA1-49F9-B7E0-F5637347F91A}
		{31A7C6B5-E5FA-427A-8399-3F84DBF7578F} = {E81864C9-CAA1-49F9-B7E0-F5637347F91A}
		{92518447-4C93-49E5-AE1E-58BF78C19E40} = {E81864C9-CAA1-49F9-B7E0-F5637347F91A}
		{B4E465E6-8D1C-4F54-86E2-8C5456DB45E3} = {E81864C9-CAA1-49F9-B7E0-F5637347F91A}
		{8148B85D-FF94-4C14-9C54-7E8DD4BD0482} = {E81864C9-CAA1-49F9-B7E0-F5637347F91A}
		{ECDF72A3-19D9-48D5-B178-4F9F8A9A0448} = {E81864C9-CAA1-49F9-B7E0-F5637347F91A}
		{A25B9971-8358-48E2-A916-EF7C48322F01} = {CF514888-0C9D-46B0-9ACD-14E4DD8B1A91}
		{6AD8D546-5666-4C87-AF0C-BFF54935CA29} = {CF514888-0C9D-46B0-9ACD-14E4DD8B1A91}
		{84FFB130-F47B-4378-8770-2557D37E4E8A} = {729A5D40-596B-47CA-B623-994437C67261}
		{9AD6E711-DFBB-429A-AF5A-A09E2FA1503A} = {729A5D40-596B-47CA-B623-994437C67261}
		{F6E10822-B56B-4433-9D2F-8CF2DC8D7F0E} = {729A5D40-596B-47CA-B623-994437C67261}
		{935FF175-4116-41D2-A65D-A6FD4C6201E3} = {14117EFF-1FC8-4CD5-B5FA-0185BFC7EB54}
		{4095DCDA-88D2-4AF4-93C7-71D0D8A917B0} = {14117EFF-1FC8-4CD5-B5FA-0185BFC7EB54}
		{E238CDEB-3E54-4FA6-9963-D2E723D912E4} = {14117EFF-1FC8-4CD5-B5FA-0185BFC7EB54}
		{DB414652-0E18-412C-BF4C-1038951CCA87} = {14117EFF-1FC8-4CD5-B5FA-0185BFC7EB54}
		{7FBA1D70-E67B-4763-B7B2-7E2CB8B25CEC} = {14117EFF-1FC8-4CD5-B5FA-0185BFC7EB54}
		{5F0BCC87-33AA-475F-971C-7E5909C32BA2} = {14117EFF-1FC8-4CD5-B5FA-0185BFC7EB54}
		{4AD7EB86-5A08-4948-8C4E-B44E619ABCC3} = {14117EFF-1FC8-4CD5-B5FA-0185BFC7EB54}
		{CB805127-736F-4306-9885-C8A5986EAE54} = {14117EFF-1FC8-4CD5-B5FA-0185BFC7EB54}
		{FA4D0A88-F810-4722-9EEF-10DE9E637387} = {14117EFF-1FC8-4CD5-B5FA-0185BFC7EB54}
		{07015DEA-4C97-45B7-A53F-B90DD1861080} = {14117EFF-1FC8-4CD5-B5FA-0185BFC7EB54}
		{21A52737-CAD1-495F-BE72-683BF7BA80B1} = {14117EFF-1FC8-4CD5-B5FA-0185BFC7EB54}
		{BE2C0093-63A4-41E9-A907-4AA2C02DB145} = {14117EFF-1FC8-4CD5-B5FA-0185BFC7EB54}
		{F8E19B6F-54C3-445F-BE83-2D69B993ABAE} = {14117EFF-1FC8-4CD5-B5FA-0185BFC7EB54}
		{23B767BA-5C58-420C-A830-90CCF031B21C} = {14117EFF-1FC8-4CD5-B5FA-0185BFC7EB54}
		{00C0CCD1-3ABB-4249-BAFA-086341C13C61} = {14117EFF-1FC8-4CD5-B5FA-0185BFC7EB54}
		{749221CB-3991-4820-B844-C1A74D885CD3} = {14117EFF-1FC8-4CD5-B5FA-0185BFC7EB54}
		{323EB260-D5EB-491C-B836-1D7F4E8DFD6B} = {14117EFF-1FC8-4CD5-B5FA-0185BFC7EB54}
	EndGlobalSection
	GlobalSection(ExtensibilityGlobals) = postSolution
		SolutionGuid = {C8C4CA92-3BAA-4F09-9E3F-98FDDA998EA3}
	EndGlobalSection
EndGlobal
